
Microsoft Visual Studio Solution File, Format Version 12.00
# Visual Studio 15
Project("{FAE04EC0-301F-11D3-BF4B-00C04F79EFBC}") = "Assembly-CSharp", "Assembly-CSharp.csproj", "{83E083E8-B54E-5FD5-E225-2ECE22FFEF9A}"
EndProject
Project("{FAE04EC0-301F-11D3-BF4B-00C04F79EFBC}") = "Unity.XR.Interaction.Toolkit.Samples.StarterAssets", "Unity.XR.Interaction.Toolkit.Samples.StarterAssets.csproj", "{164AF942-4A42-B321-FF85-976C1A105231}"
EndProject
Project("{FAE04EC0-301F-11D3-BF4B-00C04F79EFBC}") = "Assembly-CSharp-Editor-firstpass", "Assembly-CSharp-Editor-firstpass.csproj", "{01D76C1D-207F-8F13-C573-11314AFBD40D}"
EndProject
Project("{FAE04EC0-301F-11D3-BF4B-00C04F79EFBC}") = "Assembly-CSharp-Editor", "Assembly-CSharp-Editor.csproj", "{9899F8E6-DE2E-E6C7-675A-7FEB3DE25181}"
EndProject
Global
	GlobalSection(SolutionConfigurationPlatforms) = preSolution
		Debug|Any CPU = Debug|Any CPU
		Release|Any CPU = Release|Any CPU
	EndGlobalSection
	GlobalSection(ProjectConfigurationPlatforms) = postSolution
		{83E083E8-B54E-5FD5-E225-2ECE22FFEF9A}.Debug|Any CPU.ActiveCfg = Debug|Any CPU
		{83E083E8-B54E-5FD5-E225-2ECE22FFEF9A}.Debug|Any CPU.Build.0 = Debug|Any CPU
		{83E083E8-B54E-5FD5-E225-2ECE22FFEF9A}.Release|Any CPU.ActiveCfg = Release|Any CPU
		{83E083E8-B54E-5FD5-E225-2ECE22FFEF9A}.Release|Any CPU.Build.0 = Release|Any CPU
		{164AF942-4A42-B321-FF85-976C1A105231}.Debug|Any CPU.ActiveCfg = Debug|Any CPU
		{164AF942-4A42-B321-FF85-976C1A105231}.Debug|Any CPU.Build.0 = Debug|Any CPU
		{164AF942-4A42-B321-FF85-976C1A105231}.Release|Any CPU.ActiveCfg = Release|Any CPU
		{164AF942-4A42-B321-FF85-976C1A105231}.Release|Any CPU.Build.0 = Release|Any CPU
		{01D76C1D-207F-8F13-C573-11314AFBD40D}.Debug|Any CPU.ActiveCfg = Debug|Any CPU
		{01D76C1D-207F-8F13-C573-11314AFBD40D}.Debug|Any CPU.Build.0 = Debug|Any CPU
		{01D76C1D-207F-8F13-C573-11314AFBD40D}.Release|Any CPU.ActiveCfg = Release|Any CPU
		{01D76C1D-207F-8F13-C573-11314AFBD40D}.Release|Any CPU.Build.0 = Release|Any CPU
		{9899F8E6-DE2E-E6C7-675A-7FEB3DE25181}.Debug|Any CPU.ActiveCfg = Debug|Any CPU
		{9899F8E6-DE2E-E6C7-675A-7FEB3DE25181}.Debug|Any CPU.Build.0 = Debug|Any CPU
		{9899F8E6-DE2E-E6C7-675A-7FEB3DE25181}.Release|Any CPU.ActiveCfg = Release|Any CPU
		{9899F8E6-DE2E-E6C7-675A-7FEB3DE25181}.Release|Any CPU.Build.0 = Release|Any CPU
	EndGlobalSection
	GlobalSection(SolutionProperties) = preSolution
		HideSolutionNode = FALSE
	EndGlobalSection
EndGlobal
